
Microsoft Visual Studio Solution File, Format Version 12.00
# Visual Studio 14
VisualStudioVersion = 14.0.24720.0
MinimumVisualStudioVersion = 10.0.40219.1
Project("{FAE04EC0-301F-11D3-BF4B-00C04F79EFBC}") = "Movies", "Movies\Movies.csproj", "{7C90F710-8E02-4877-B5A2-24F8BA8A414B}"
EndProject
Project("{FAE04EC0-301F-11D3-BF4B-00C04F79EFBC}") = "Movies.Data", "Movies.Data\Movies.Data.csproj", "{20CD7FE2-F74D-4FB9-9970-CF69D54FD959}"
EndProject
Project("{FAE04EC0-301F-11D3-BF4B-00C04F79EFBC}") = "Movies.Models", "Movies.Models\Movies.Models.csproj", "{3ADFA6EF-2361-4E83-A896-B540D6AC5B3A}"
EndProject
Global
	GlobalSection(SolutionConfigurationPlatforms) = preSolution
		Debug|Any CPU = Debug|Any CPU
		Release|Any CPU = Release|Any CPU
	EndGlobalSection
	GlobalSection(ProjectConfigurationPlatforms) = postSolution
		{7C90F710-8E02-4877-B5A2-24F8BA8A414B}.Debug|Any CPU.ActiveCfg = Debug|Any CPU
		{7C90F710-8E02-4877-B5A2-24F8BA8A414B}.Debug|Any CPU.Build.0 = Debug|Any CPU
		{7C90F710-8E02-4877-B5A2-24F8BA8A414B}.Release|Any CPU.ActiveCfg = Release|Any CPU
		{7C90F710-8E02-4877-B5A2-24F8BA8A414B}.Release|Any CPU.Build.0 = Release|Any CPU
		{20CD7FE2-F74D-4FB9-9970-CF69D54FD959}.Debug|Any CPU.ActiveCfg = Debug|Any CPU
		{20CD7FE2-F74D-4FB9-9970-CF69D54FD959}.Debug|Any CPU.Build.0 = Debug|Any CPU
		{20CD7FE2-F74D-4FB9-9970-CF69D54FD959}.Release|Any CPU.ActiveCfg = Release|Any CPU
		{20CD7FE2-F74D-4FB9-9970-CF69D54FD959}.Release|Any CPU.Build.0 = Release|Any CPU
		{3ADFA6EF-2361-4E83-A896-B540D6AC5B3A}.Debug|Any CPU.ActiveCfg = Debug|Any CPU
		{3ADFA6EF-2361-4E83-A896-B540D6AC5B3A}.Debug|Any CPU.Build.0 = Debug|Any CPU
		{3ADFA6EF-2361-4E83-A896-B540D6AC5B3A}.Release|Any CPU.ActiveCfg = Release|Any CPU
		{3ADFA6EF-2361-4E83-A896-B540D6AC5B3A}.Release|Any CPU.Build.0 = Release|Any CPU
	EndGlobalSection
	GlobalSection(SolutionProperties) = preSolution
		HideSolutionNode = FALSE
	EndGlobalSection
EndGlobal
